  GEM
    remote: https://rubygems.org/
    specs:
      actioncable (7.0.8)
        actionpack (= 7.0.8)
        activesupport (= 7.0.8)
        nio4r (~> 2.0)
      actionpack (7.0.8)
        activesupport (= 7.0.8)
        rack (~> 2.0, >= 2.0.8)
      activesupport (7.0.8)
        concurrent-ruby (~> 1.0, >= 1.0.2)
      concurrent-ruby (1.2.3)
      nio4r (2.5.9)
      rack (2.2.8)
      rails (7.0.8)
        actioncable (= 7.0.8)
        actionpack (= 7.0.8)
        activesupport (= 7.0.8)

PLATFORMS
  ruby

DEPENDENCIES
  rails (~> 7.0)
  rack

BUNDLED WITH
   2.4.10
