# This file is automatically @generated by Cargo.
# It is not intended for manual editing.
version = 3

[[package]]
name = "anyhow"
version = "1.0.75"

[[package]]
name = "my-rust-app"
version = "0.1.0"
dependencies = [
  "anyhow 1.0.75",
  "serde 1.0.193",
  "tokio 1.28.0",
]

[[package]]
name = "serde"
version = "1.0.193"
dependencies = [
  "serde_derive 1.0.193",
]

[[package]]
name = "serde_derive"
version = "1.0.193"

[[package]]
name = "tokio"
version = "1.28.0"
dependencies = [
  "tokio-macros 2.1.0",
]

[[package]]
name = "tokio-macros"
version = "2.1.0"
