{
  "_readme": [
    "This file locks the dependencies of your project to a known state"
  ],
  "content-hash": "abc123def456",
  "packages": [
    {
      "name": "guzzlehttp/guzzle",
      "version": "7.8.1",
      "require": {
        "guzzlehttp/promises": "^2.0",
        "psr/http-client": "^1.0"
      }
    },
    {
      "name": "guzzlehttp/promises",
      "version": "2.0.2",
      "require": {}
    },
    {
      "name": "psr/http-client",
      "version": "1.0.3",
      "require": {}
    }
  ],
  "packages-dev": [
    {
      "name": "phpunit/phpunit",
      "version": "10.4.2",
      "require": {
        "php": ">=8.1"
      }
    }
  ]
}
