%{
  "castore": {:hex, :castore, "1.0.5", "9eeebb394cc9a0f3ae56b813459f990abb0a3dedabeb77c44fc19ec027543b5a", [:mix], [], "hexpm", "8d7c597c3e4a64c395980882d4bca3cebb8d74197c590dc272cfd3b6a6310578"},
  "ecto": {:hex, :ecto, "3.11.1", "4b4972b717e7ca83d30121b12998f5fcdc62ba0ed4f20fd3ae959e9b5d0d4b14", [:mix], [{:decimal, "~> 2.0"}, {:jason, "~> 1.0", [optional: true]}, {:telemetry, "~> 0.4 or ~> 1.0"}], "hexpm", "6b38003e9e3923ec4e0e12a11f0a5a90a81a3d13248f7fb03daeee7e59b04a0b"},
  "ecto_sql": {:hex, :ecto_sql, "3.11.1", "9c82b3e4c1b36f2b6b298d5df68ee96af3e19ea8cfc1dbb2a0d3b5b8e3f5ac42", [:mix], [{:db_connection, "~> 2.4.1 or ~> 2.5"}, {:ecto, "~> 3.11.0"}, {:myxql, "~> 0.6.0", [optional: true]}, {:postgrex, ">= 0.0.0", [optional: true]}, {:tds, ">= 2.1.1", [optional: true]}, {:telemetry, "~> 0.4 or ~> 1.0"}], "hexpm", "98ebf4db67df05e30b2b5484d0f2bf24e451e5517b9ee28172ad4615296a9a0d"},
  "jason": {:hex, :jason, "1.4.1", "af1504e35f629ddcdd6addb3513c3853991f694921b1b9368b0bd32beb9f1b63", [:mix], [{:decimal, "~> 1.0 or ~> 2.0", [optional: true]}], "hexpm", "fbb01ecdfd565b56261302f7e1fcc27c4fb8f32d56eab74db621fc154604a7a1"},
  "phoenix": {:hex, :phoenix, "1.7.11", "8584cc56361d2c20a8b92a4e5e678ce4e41ededf0f3484c95bbf6c2eb7efeede", [:mix], [{:castore, ">= 0.0.0", [optional: true]}, {:jason, "~> 1.0", [optional: true]}, {:phoenix_pubsub, "~> 2.1"}, {:plug, "~> 1.14"}, {:plug_cowboy, "~> 2.7", [optional: true]}, {:plug_crypto, "~> 1.2 or ~> 2.0"}, {:telemetry, "~> 0.4 or ~> 1.0"}], "hexpm", "b1ec57f2e40316b306708fe59b92a09b96c7a72ca485ddb20de5b16b43f4a6b1"},
}
